
Microsoft Visual Studio Solution File, Format Version 12.00
# Visual Studio 14
VisualStudioVersion = 14.0.25123.0
MinimumVisualStudioVersion = 10.0.40219.1
Project("{FAE04EC0-301F-11D3-BF4B-00C04F79EFBC}") = "TVGLTest", "TVGLTest\TVGLTest.csproj", "{4425901E-ED04-45A8-B16E-C8EE7F9B95B6}"
EndProject
Project("{FAE04EC0-301F-11D3-BF4B-00C04F79EFBC}") = "TessellationAndVoxelizationGeometryLibraryUniversal", "TessellationAndVoxelizationGeometryLibrary\TessellationAndVoxelizationGeometryLibraryUniversal.csproj", "{E3489019-D590-46A8-B2C2-E3481E8DB77C}"
EndProject
Project("{FAE04EC0-301F-11D3-BF4B-00C04F79EFBC}") = "TVGL Presenter", "TVGL Presenter\TVGL Presenter.csproj", "{8C1364CC-908A-4174-B62C-21EC4839584D}"
EndProject
Project("{FAE04EC0-301F-11D3-BF4B-00C04F79EFBC}") = "TessellationAndVoxelizationGeometryLibrary.NET4.5", "TessellationAndVoxelizationGeometryLibrary.NET4.5\TessellationAndVoxelizationGeometryLibrary.NET4.5.csproj", "{B2D2586A-5F3B-4122-B10E-4AC143C05EA4}"
EndProject
Project("{FAE04EC0-301F-11D3-BF4B-00C04F79EFBC}") = "TVGLPresenterDebugger", "TVGLPresenterDebugger\TVGLPresenterDebugger.csproj", "{F6678D6C-1F71-4F4E-AC77-22F5E133A6F2}"
EndProject
Global
	GlobalSection(SolutionConfigurationPlatforms) = preSolution
		Debug|Any CPU = Debug|Any CPU
		Documentation|Any CPU = Documentation|Any CPU
		Nsis|Any CPU = Nsis|Any CPU
		Release|Any CPU = Release|Any CPU
	EndGlobalSection
	GlobalSection(ProjectConfigurationPlatforms) = postSolution
		{4425901E-ED04-45A8-B16E-C8EE7F9B95B6}.Debug|Any CPU.ActiveCfg = Debug|Any CPU
		{4425901E-ED04-45A8-B16E-C8EE7F9B95B6}.Debug|Any CPU.Build.0 = Debug|Any CPU
		{4425901E-ED04-45A8-B16E-C8EE7F9B95B6}.Documentation|Any CPU.ActiveCfg = Debug|Any CPU
		{4425901E-ED04-45A8-B16E-C8EE7F9B95B6}.Documentation|Any CPU.Build.0 = Debug|Any CPU
		{4425901E-ED04-45A8-B16E-C8EE7F9B95B6}.Nsis|Any CPU.ActiveCfg = Release|Any CPU
		{4425901E-ED04-45A8-B16E-C8EE7F9B95B6}.Nsis|Any CPU.Build.0 = Release|Any CPU
		{4425901E-ED04-45A8-B16E-C8EE7F9B95B6}.Release|Any CPU.ActiveCfg = Release|Any CPU
		{4425901E-ED04-45A8-B16E-C8EE7F9B95B6}.Release|Any CPU.Build.0 = Release|Any CPU
		{E3489019-D590-46A8-B2C2-E3481E8DB77C}.Debug|Any CPU.ActiveCfg = Debug|Any CPU
		{E3489019-D590-46A8-B2C2-E3481E8DB77C}.Documentation|Any CPU.ActiveCfg = Debug|Any CPU
		{E3489019-D590-46A8-B2C2-E3481E8DB77C}.Documentation|Any CPU.Build.0 = Debug|Any CPU
		{E3489019-D590-46A8-B2C2-E3481E8DB77C}.Nsis|Any CPU.ActiveCfg = Release|Any CPU
		{E3489019-D590-46A8-B2C2-E3481E8DB77C}.Nsis|Any CPU.Build.0 = Release|Any CPU
		{E3489019-D590-46A8-B2C2-E3481E8DB77C}.Release|Any CPU.ActiveCfg = Release|Any CPU
		{E3489019-D590-46A8-B2C2-E3481E8DB77C}.Release|Any CPU.Build.0 = Release|Any CPU
		{8C1364CC-908A-4174-B62C-21EC4839584D}.Debug|Any CPU.ActiveCfg = Debug|Any CPU
		{8C1364CC-908A-4174-B62C-21EC4839584D}.Debug|Any CPU.Build.0 = Debug|Any CPU
		{8C1364CC-908A-4174-B62C-21EC4839584D}.Documentation|Any CPU.ActiveCfg = Debug|Any CPU
		{8C1364CC-908A-4174-B62C-21EC4839584D}.Documentation|Any CPU.Build.0 = Debug|Any CPU
		{8C1364CC-908A-4174-B62C-21EC4839584D}.Nsis|Any CPU.ActiveCfg = Release|Any CPU
		{8C1364CC-908A-4174-B62C-21EC4839584D}.Nsis|Any CPU.Build.0 = Release|Any CPU
		{8C1364CC-908A-4174-B62C-21EC4839584D}.Release|Any CPU.ActiveCfg = Release|Any CPU
		{8C1364CC-908A-4174-B62C-21EC4839584D}.Release|Any CPU.Build.0 = Release|Any CPU
		{B2D2586A-5F3B-4122-B10E-4AC143C05EA4}.Debug|Any CPU.ActiveCfg = Debug|Any CPU
		{B2D2586A-5F3B-4122-B10E-4AC143C05EA4}.Documentation|Any CPU.ActiveCfg = Debug|Any CPU
		{B2D2586A-5F3B-4122-B10E-4AC143C05EA4}.Documentation|Any CPU.Build.0 = Debug|Any CPU
		{B2D2586A-5F3B-4122-B10E-4AC143C05EA4}.Nsis|Any CPU.ActiveCfg = Release|Any CPU
		{B2D2586A-5F3B-4122-B10E-4AC143C05EA4}.Nsis|Any CPU.Build.0 = Release|Any CPU
		{B2D2586A-5F3B-4122-B10E-4AC143C05EA4}.Release|Any CPU.ActiveCfg = Release|Any CPU
		{B2D2586A-5F3B-4122-B10E-4AC143C05EA4}.Release|Any CPU.Build.0 = Release|Any CPU
		{F6678D6C-1F71-4F4E-AC77-22F5E133A6F2}.Debug|Any CPU.ActiveCfg = Debug|Any CPU
		{F6678D6C-1F71-4F4E-AC77-22F5E133A6F2}.Debug|Any CPU.Build.0 = Debug|Any CPU
		{F6678D6C-1F71-4F4E-AC77-22F5E133A6F2}.Documentation|Any CPU.ActiveCfg = Debug|Any CPU
		{F6678D6C-1F71-4F4E-AC77-22F5E133A6F2}.Documentation|Any CPU.Build.0 = Debug|Any CPU
		{F6678D6C-1F71-4F4E-AC77-22F5E133A6F2}.Nsis|Any CPU.ActiveCfg = Release|Any CPU
		{F6678D6C-1F71-4F4E-AC77-22F5E133A6F2}.Nsis|Any CPU.Build.0 = Release|Any CPU
		{F6678D6C-1F71-4F4E-AC77-22F5E133A6F2}.Release|Any CPU.ActiveCfg = Release|Any CPU
		{F6678D6C-1F71-4F4E-AC77-22F5E133A6F2}.Release|Any CPU.Build.0 = Release|Any CPU
	EndGlobalSection
	GlobalSection(SolutionProperties) = preSolution
		HideSolutionNode = FALSE
	EndGlobalSection
EndGlobal
